{
  "name": "adyen-openapi-generator",
  "version": "1.0.2",
  "lockfileVersion": 1,
  "requires": true,
  "dependencies": {
    "@types/color-name": {
      "version": "1.1.1",
      "resolved": "https://npmhost-int.is.adyen.com/repository/npm-internal/@types/color-name/-/color-name-1.1.1.tgz",
      "integrity": "sha512-F1NSBHWoAsSsv5XlhV811Bky13yRBD2DtHPtWNNLFWE6w6GExRpompyS4/3D36Ue/sHZGRISE5a/nLvnSdiEOg=="
    },
    "ansi-regex": {
      "version": "5.0.0",
      "resolved": "https://npmhost-int.is.adyen.com/repository/npm-internal/ansi-regex/-/ansi-regex-5.0.0.tgz",
      "integrity": "sha512-zoWii/dcbxD18es+pCrXe778cT4dixvOgOeQoUlwLk/SR+Kw+nNQDOf62eq7q54yru/tdKUPFcu1z+zFMXBYkA=="
    },
    "ansi-styles": {
      "version": "4.2.1",
      "resolved": "https://npmhost-int.is.adyen.com/repository/npm-internal/ansi-styles/-/ansi-styles-4.2.1.tgz",
      "integrity": "sha512-oIwHbGlxT7HYMTdgvTuS2T4qp3cLMvLE3NXikvF457/w67qoGBG+eP1Sopqerwhmfb9pe1+ZBDyPtdOsLPcSmA==",
      "requires": {
        "@types/color-name": "^1.1.1",
        "color-convert": "^2.0.1"
      }
    },
    "balanced-match": {
      "version": "1.0.0",
      "resolved": "https://npmhost-int.is.adyen.com/repository/npm-internal/balanced-match/-/balanced-match-1.0.0.tgz",
      "integrity": "sha512-9Y0g0Q8rmSt+H33DfKv7FOc3v+iRI+o1lbzt8jGcIosYW37IIW/2XVYq5NPdmaD5NQ59Nk26Kl/vZbwW9Fr8vg=="
    },
    "brace-expansion": {
      "version": "1.1.11",
      "resolved": "https://npmhost-int.is.adyen.com/repository/npm-internal/brace-expansion/-/brace-expansion-1.1.11.tgz",
      "integrity": "sha512-iCuPHDFgrHX7H2vEI/5xpz07zSHB00TpugqhmYtVmMO6518mCuRMoOYFldEBl0g187ufozdaHgWKcYFb61qGiA==",
      "requires": {
        "balanced-match": "^1.0.0",
        "concat-map": "0.0.1"
      }
    },
    "camelcase": {
      "version": "5.3.1",
      "resolved": "https://npmhost-int.is.adyen.com/repository/npm-internal/camelcase/-/camelcase-5.3.1.tgz",
      "integrity": "sha512-G1FzK+bMnh4Mh7vFg6A0AyZxzhvrJSeXdAW2/DsRxc0bk9xw3jb4FfamMDgHg8d8J3ategBHA/2vYieip/wA3w=="
    },
    "cliui": {
      "version": "6.0.0",
      "resolved": "https://npmhost-int.is.adyen.com/repository/npm-internal/cliui/-/cliui-6.0.0.tgz",
      "integrity": "sha512-ZVEc+qCtrb3U9VkPmhMN8WoJzZ1oKrDXYdxTnOdhVbTsBmm3Fq3/V2Wse7sHAM/P/j9ceIZh3/F8DevIdo4pbA==",
      "requires": {
        "string-width": "^4.2.0",
        "strip-ansi": "^6.0.0",
        "wrap-ansi": "^6.2.0"
      }
    },
    "color-convert": {
      "version": "2.0.1",
      "resolved": "https://npmhost-int.is.adyen.com/repository/npm-internal/color-convert/-/color-convert-2.0.1.tgz",
      "integrity": "sha512-snm8aZpzASPRf0/Be9VqXGJvVuABJw4mR/GMSj7C0aLa4ZvqWgd4oLPy2AOZofJqJzWNglhLhZ+rUM9PE2ZT/g==",
      "requires": {
        "color-name": "~1.1.4"
      }
    },
    "color-name": {
      "version": "1.1.4",
      "resolved": "https://npmhost-int.is.adyen.com/repository/npm-internal/color-name/-/color-name-1.1.4.tgz",
      "integrity": "sha512-lxlY/1A2b7zNY9y2HyLuYL0vOjRT9SJv+x8YNwAe8HEi5JL35UznJIq7BAKhd9EF0nIm0i7KFbZ3LaO5LdLE/Q=="
    },
    "concat-map": {
      "version": "0.0.1",
      "resolved": "https://npmhost-int.is.adyen.com/repository/npm-internal/concat-map/-/concat-map-0.0.1.tgz",
      "integrity": "sha512-/Srv4dswyQNBfohGpz9o6Yb3Gz3SrUDqBH5rTuhGR7ahtlbYKnVxw2bCFMRljaA7EXHaXZ8wsHdodFvbkhKmqg=="
    },
    "decamelize": {
      "version": "1.2.0",
      "resolved": "https://npmhost-int.is.adyen.com/repository/npm-internal/decamelize/-/decamelize-1.2.0.tgz",
      "integrity": "sha512-z2S+W9X73hAUUki+N+9Za2lBlun89zigOyGrsax+KUQ6wKW4ZoWpEYBkGhQjwAjjDCkWxhY0VKEhk8wzY7F5cA=="
    },
    "emoji-regex": {
      "version": "8.0.0",
      "resolved": "https://npmhost-int.is.adyen.com/repository/npm-internal/emoji-regex/-/emoji-regex-8.0.0.tgz",
      "integrity": "sha512-oou2t/K3gImG7ffvPM5UiB6eh4DGhj/sq78dG6R/uxOEVYGrv3vfF31inF7t6eYePZ2/vCaHlwsHUE6b07T2Pg=="
    },
    "find-up": {
      "version": "4.1.0",
      "resolved": "https://npmhost-int.is.adyen.com/repository/npm-internal/find-up/-/find-up-4.1.0.tgz",
      "integrity": "sha512-IK1kN3tLKh/ujKH5MCKo7MIr0A/G2hSCSRSan4rH2efhH3ssAm6RbE3hBf4mrkvhRl+cuZSMfMJJlLf/ATkYDg==",
      "requires": {
        "locate-path": "^5.0.0",
        "path-exists": "^4.0.0"
      }
    },
    "fs.realpath": {
      "version": "1.0.0",
      "resolved": "https://npmhost-int.is.adyen.com/repository/npm-internal/fs.realpath/-/fs.realpath-1.0.0.tgz",
      "integrity": "sha512-OO0pH2lK6a0hZnAdau5ItzHPI6pUlvI7jMVnxUQRtw4owF2wk8lOSabtGDCTP4Ggrg2MbGnWO9X8K1t4+fGMDw=="
    },
    "get-caller-file": {
      "version": "2.0.5",
      "resolved": "https://npmhost-int.is.adyen.com/repository/npm-internal/get-caller-file/-/get-caller-file-2.0.5.tgz",
      "integrity": "sha512-PLXXwWmCIsD65uxFReYdvyvb89fM+mieB9kzbmY6ZbikWYh+0v1TbgP+2opNNAIWI5Q8kaePQvo+ah+u7YXA6Q=="
    },
    "glob": {
      "version": "7.1.6",
      "resolved": "https://npmhost-int.is.adyen.com/repository/npm-internal/glob/-/glob-7.1.6.tgz",
      "integrity": "sha512-4ksBTKKoFahCABkekzd8woTHEaKAKT8cWCeLI5r1mU7QR4AVmX8i2zYFLaiBgZUWLMNUEFaxZKUbtj6CGXdNJw==",
      "requires": {
        "fs.realpath": "^1.0.0",
        "inflight": "^1.0.4",
        "inherits": "2",
        "minimatch": "^3.0.4",
        "once": "^1.3.0",
        "path-is-absolute": "^1.0.0"
      }
    },
    "inflight": {
      "version": "1.0.6",
      "resolved": "https://npmhost-int.is.adyen.com/repository/npm-internal/inflight/-/inflight-1.0.6.tgz",
      "integrity": "sha512-k92I/b08q4wvFscXCLvqfsHCrjrF7yiXsQuIVvVE7N82W3+aqpzuUdBbfhWcy/FZR3/4IgflMgKLOsvPDrGCJA==",
      "requires": {
        "once": "^1.3.0",
        "wrappy": "1"
      }
    },
    "inherits": {
      "version": "2.0.4",
      "resolved": "https://npmhost-int.is.adyen.com/repository/npm-internal/inherits/-/inherits-2.0.4.tgz",
      "integrity": "sha512-dd8S6T9B2xpelltULuAerg3ZAZ2VXnZmzwZm5uaYtKKPq+iy4dcFqtv/BbQdSuvEUBJn/pVNaOg2m54dLpZ5XQ=="
    },
    "interpret": {
      "version": "1.2.0",
      "resolved": "https://npmhost-int.is.adyen.com/repository/npm-internal/interpret/-/interpret-1.2.0.tgz",
      "integrity": "sha512-0EQqM8L27J/zvmatENk89PBk1g4F/c8QwQzg6PQS7eTTtdTJyJNhQ2ajzMZIWNrNsn0LCFV29zp/ZzG702BuWA=="
    },
    "is-fullwidth-code-point": {
      "version": "3.0.0",
      "resolved": "https://npmhost-int.is.adyen.com/repository/npm-internal/is-fullwidth-code-point/-/is-fullwidth-code-point-3.0.0.tgz",
      "integrity": "sha512-tBJq8TlIiVASNCvuPI0FQXSWDCHUikN6CAKGODQSH+EJ1Lb6eHa/IaYZKGa/9TO031RUINbtAEUG/CTjlhcF5w=="
    },
    "locate-path": {
      "version": "5.0.0",
      "resolved": "https://npmhost-int.is.adyen.com/repository/npm-internal/locate-path/-/locate-path-5.0.0.tgz",
      "integrity": "sha512-cxVT4Y4XwoO1rng0Pbw/MlVS04NwTVBhRZVrzsv1uY8cpQpiRboUlV7LLQGvP8o++lendIXQSa1rBQg8A2cQ2A==",
      "requires": {
        "p-locate": "^4.1.0"
      }
    },
    "minimatch": {
      "version": "3.0.4",
      "resolved": "https://npmhost-int.is.adyen.com/repository/npm-internal/minimatch/-/minimatch-3.0.4.tgz",
      "integrity": "sha512-yJHVQEhyqPLUTgt9B83PXu6W3rx4MvvHvSUvToogpwoGDOUQ+yDrR0HRot+yOCdCO7u4hX3pWft6kWBBcqh0UA==",
      "requires": {
        "brace-expansion": "^1.1.7"
      }
    },
    "node-fetch": {
      "version": "2.6.0",
      "resolved": "https://npmhost-int.is.adyen.com/repository/npm-internal/node-fetch/-/node-fetch-2.6.0.tgz",
      "integrity": "sha512-33pmtPnbstzQjGvZaapUvPVFFYSNTBQBDAAnT83wU+WBmGGjrnx4JfeYnL3z6eZWNwG4k7mPcaWS84aPtuMeEg=="
    },
    "once": {
      "version": "1.4.0",
      "resolved": "https://npmhost-int.is.adyen.com/repository/npm-internal/once/-/once-1.4.0.tgz",
      "integrity": "sha512-lNaJgI+2Q5URQBkccEKHTQOPaXdUxnZZElQTZY0MFUAuaEqe1E+Nyvgdz/aIyNi6Z9MzO5dv1H8n58/GELp3+w==",
      "requires": {
        "wrappy": "1"
      }
    },
    "p-limit": {
      "version": "2.2.2",
      "resolved": "https://npmhost-int.is.adyen.com/repository/npm-internal/p-limit/-/p-limit-2.2.2.tgz",
      "integrity": "sha512-eFnsStybl4Ryg8bEQ5rDRFV/Wu68fRTnoFbM54Vo1FzUgLaqKRLPWpdHsJ0AZ9sINK/Gy17Ijjy9+sl3PHRa0g==",
      "requires": {
        "p-try": "^2.0.0"
      }
    },
    "p-locate": {
      "version": "4.1.0",
      "resolved": "https://npmhost-int.is.adyen.com/repository/npm-internal/p-locate/-/p-locate-4.1.0.tgz",
      "integrity": "sha512-TsENk6P4OIKnQepmdk5erpVmj+gxF2E//zFch8a8KvPYkHi0PblaDMB3RCxOzTnK70Iu2eyYDejUzvcgsNAZuQ==",
      "requires": {
        "p-limit": "^2.2.0"
      }
    },
    "p-try": {
      "version": "2.2.0",
      "resolved": "https://npmhost-int.is.adyen.com/repository/npm-internal/p-try/-/p-try-2.2.0.tgz",
      "integrity": "sha512-kvwJJvYp3sagaHzaWuUlKqYI7a0sQVBpDHRIFsuJ+TPBF1Dyd1VLprPbmAnXg8ON/Z72fnC1F6GNEReNDUFIfA=="
    },
    "path-exists": {
      "version": "4.0.0",
      "resolved": "https://npmhost-int.is.adyen.com/repository/npm-internal/path-exists/-/path-exists-4.0.0.tgz",
      "integrity": "sha512-qHmgF2vNJ4oKLcRunSXBGmeJ5PtyMybS/Tg9VpmAIudBPmGC4MSxJ+uNTGgaJ61JOQeoZYF7OLshHYAbBad+KQ=="
    },
    "path-is-absolute": {
      "version": "1.0.1",
      "resolved": "https://npmhost-int.is.adyen.com/repository/npm-internal/path-is-absolute/-/path-is-absolute-1.0.1.tgz",
      "integrity": "sha512-AVbw3UJ2e9bq64vSaS9Am0fje1Pa8pbGqTTsmXfaIiMpnr5DlDhfJOuLj9Sf95ZPVDAUerDfEk88MPmPe7UCQg=="
    },
    "path-parse": {
      "version": "1.0.6",
      "resolved": "https://npmhost-int.is.adyen.com/repository/npm-internal/path-parse/-/path-parse-1.0.6.tgz",
      "integrity": "sha512-GSmOT2EbHrINBf9SR7CDELwlJ8AENk3Qn7OikK4nFYAu3Ote2+JYNVvkpAEQm3/TLNEJFD/xZJjzyxg3KBWOzw=="
    },
    "rechoir": {
      "version": "0.6.2",
      "resolved": "https://npmhost-int.is.adyen.com/repository/npm-internal/rechoir/-/rechoir-0.6.2.tgz",
      "integrity": "sha512-A2cervEFi7UTdPIxB4U3E/If9DEprJRcHdtXyN99rDlU4ltd5Wt9ZR+C3aFi36Yt71fUjmIYMvxJ6iMwPmplEQ==",
      "requires": {
        "resolve": "^1.1.6"
      }
    },
    "require-directory": {
      "version": "2.1.1",
      "resolved": "https://npmhost-int.is.adyen.com/repository/npm-internal/require-directory/-/require-directory-2.1.1.tgz",
      "integrity": "sha512-fGxEI7+wsG9xrvdjsrlmL22OMTTiHRwAMroiEeMgq8gzoLC/PQr7RsRDSTLUg/bZAZtF+TVIkHc6/4RIKrui+Q=="
    },
    "require-main-filename": {
      "version": "2.0.0",
      "resolved": "https://npmhost-int.is.adyen.com/repository/npm-internal/require-main-filename/-/require-main-filename-2.0.0.tgz",
      "integrity": "sha512-7Cql+28oTl29QW/v2xkgfk/0DnKzJFLB/+0OZb28sbXvha8byoOMIanphx7l72WURr5pfTxhtE2e+SpolDKAhg=="
    },
    "resolve": {
      "version": "1.15.1",
      "resolved": "https://npmhost-int.is.adyen.com/repository/npm-internal/resolve/-/resolve-1.15.1.tgz",
      "integrity": "sha512-VQrlgHIpDEBCpJzkVP3VwWM6RjiiBgjeouZhtvc8uPpDkneJXUfIG2dfsrlg/8YkWNw0Ow/ueH25ajGx77Yo1w==",
      "requires": {
        "path-parse": "^1.0.6"
      }
    },
    "set-blocking": {
      "version": "2.0.0",
      "resolved": "https://npmhost-int.is.adyen.com/repository/npm-internal/set-blocking/-/set-blocking-2.0.0.tgz",
      "integrity": "sha512-KiKBS8AnWGEyLzofFfmvKwpdPzqiy16LvQfK3yv/fVH7Bj13/wl3JSR1J+rfgRE9q7xUJK4qvgS8raSOeLUehw=="
    },
    "shelljs": {
      "version": "0.8.3",
      "resolved": "https://npmhost-int.is.adyen.com/repository/npm-internal/shelljs/-/shelljs-0.8.3.tgz",
      "integrity": "sha512-CBHbh+SQ1cyKaD7FDdHaFR8Yv2jLSD7XgJehdFtUHdCilW+g1SZzx239vy0wGd8Law3x3omE089Ha2k6ZWZ2Wg==",
      "requires": {
        "glob": "^7.0.0",
        "interpret": "^1.0.0",
        "rechoir": "^0.6.2"
      }
    },
    "string-width": {
      "version": "4.2.0",
      "resolved": "https://npmhost-int.is.adyen.com/repository/npm-internal/string-width/-/string-width-4.2.0.tgz",
      "integrity": "sha512-l2ketejHysRKeW6/dsrVzIYOHKULMiODZVjPE8XrGMKhDV9JZtcj7EQ7W7iUpW+w9rcuFPSrjxIz7+/5i/Zh8w==",
      "requires": {
        "emoji-regex": "^8.0.0",
        "is-fullwidth-code-point": "^3.0.0",
        "strip-ansi": "^6.0.0"
      }
    },
    "strip-ansi": {
      "version": "6.0.0",
      "resolved": "https://npmhost-int.is.adyen.com/repository/npm-internal/strip-ansi/-/strip-ansi-6.0.0.tgz",
      "integrity": "sha512-HarxgZqeveMwlfKQ79zcMWOceyRll2mtb/Lk3JXytedDmNpHKWYxq00t/5aO7HMZYOHOCh7ZBqg8iDSDUovP4A==",
      "requires": {
        "ansi-regex": "^5.0.0"
      }
    },
    "which-module": {
      "version": "2.0.0",
      "resolved": "https://npmhost-int.is.adyen.com/repository/npm-internal/which-module/-/which-module-2.0.0.tgz",
      "integrity": "sha512-B+enWhmw6cjfVC7kS8Pj9pCrKSc5txArRyaYGe088shv/FGWH+0Rjx/xPgtsWfsUtS27FkP697E4DDhgrgoc0Q=="
    },
    "wrap-ansi": {
      "version": "6.2.0",
      "resolved": "https://npmhost-int.is.adyen.com/repository/npm-internal/wrap-ansi/-/wrap-ansi-6.2.0.tgz",
      "integrity": "sha512-N0XvPejkQ8j9cTUB0/EUiakE2jDI3Jp6p0NUwrJqer9eqeO7TF+aqx4elK+jFrgNe1kQxXN/b5k92v11DR67rg==",
      "requires": {
        "ansi-styles": "^4.0.0",
        "string-width": "^4.1.0",
        "strip-ansi": "^6.0.0"
      }
    },
    "wrappy": {
      "version": "1.0.2",
      "resolved": "https://npmhost-int.is.adyen.com/repository/npm-internal/wrappy/-/wrappy-1.0.2.tgz",
      "integrity": "sha512-l4Sp/DRseor9wL6EvV2+TuQn63dMkPjZ/sp9XkghTEbV9KlPS1xUsZ3u7/IQO4wxtcFB4bgpQPRcR3QCvezPcQ=="
    },
    "y18n": {
      "version": "4.0.0",
      "resolved": "https://npmhost-int.is.adyen.com/repository/npm-internal/y18n/-/y18n-4.0.0.tgz",
      "integrity": "sha512-r9S/ZyXu/Xu9q1tYlpsLIsa3EeLXXk0VwlxqTcFRfg9EhMW+17kbt9G0NrgCmhGb5vT2hyhJZLfDGx+7+5Uj/w=="
    },
    "yargs": {
      "version": "15.3.1",
      "resolved": "https://npmhost-int.is.adyen.com/repository/npm-internal/yargs/-/yargs-15.3.1.tgz",
      "integrity": "sha512-qB606ML7AX49fpod0IAwB1JiosmIMhAkpQBRLynkMS75U55zeu8ZigrROQOfg8oZZVuNG77yt9eBVxw89MAueA==",
      "requires": {
        "cliui": "^6.0.0",
        "decamelize": "^1.2.0",
        "find-up": "^4.1.0",
        "get-caller-file": "^2.0.1",
        "require-directory": "^2.1.1",
        "require-main-filename": "^2.0.0",
        "set-blocking": "^2.0.0",
        "string-width": "^4.2.0",
        "which-module": "^2.0.0",
        "y18n": "^4.0.0",
        "yargs-parser": "^18.1.1"
      }
    },
    "yargs-parser": {
      "version": "18.1.1",
      "resolved": "https://npmhost-int.is.adyen.com/repository/npm-internal/yargs-parser/-/yargs-parser-18.1.1.tgz",
      "integrity": "sha512-N72JlYMO852qcf2tJyqUrs2nw6FFrIe7qoHuapqAcCnbhPC8GxRO9y32vuMZRBZUKK9VjoCcTNdkwH+iBZvVSA==",
      "requires": {
        "camelcase": "^5.0.0",
        "decamelize": "^1.2.0"
      }
    }
  }
}
